<?xml version="1.0" encoding="utf-8"?>
<Project ToolsVersion="4.0" xmlns="http://schemas.microsoft.com/developer/msbuild/2003">
  <ItemGroup>
    <Filter Include="源文件">
      <UniqueIdentifier>{4FC737F1-C7A5-4376-A066-2A32D752A2FF}</UniqueIdentifier>
      <Extensions>cpp;c;cc;cxx;def;odl;idl;hpj;bat;asm;asmx</Extensions>
    </Filter>
    <Filter Include="头文件">
      <UniqueIdentifier>{93995380-89BD-4b04-88EB-625FBE52EBFB}</UniqueIdentifier>
      <Extensions>h;hpp;hxx;hm;inl;inc;xsd</Extensions>
    </Filter>
    <Filter Include="资源文件">
      <UniqueIdentifier>{67DA6AB6-F800-4c08-8B7A-83BB121AAD01}</UniqueIdentifier>
      <Extensions>rc;ico;cur;bmp;dlg;rc2;rct;bin;rgs;gif;jpg;jpeg;jpe;resx;tiff;tif;png;wav;mfcribbon-ms</Extensions>
    </Filter>
    <Filter Include="ChartCtrl">
      <UniqueIdentifier>{25829eb6-05cc-40f1-9e18-3d9f4a30eb1a}</UniqueIdentifier>
    </Filter>
  </ItemGroup>
  <ItemGroup>
    <None Include="ReadMe.txt" />
    <None Include="res\buttons.bmp">
      <Filter>资源文件</Filter>
    </None>
    <None Include="res\filelarge.bmp">
      <Filter>资源文件</Filter>
    </None>
    <None Include="res\filesmall.bmp">
      <Filter>资源文件</Filter>
    </None>
    <None Include="res\main.bmp">
      <Filter>资源文件</Filter>
    </None>
    <None Include="res\writelarge.bmp">
      <Filter>资源文件</Filter>
    </None>
    <None Include="res\writesmall.bmp">
      <Filter>资源文件</Filter>
    </None>
    <None Include="res\ribbon.mfcribbon-ms">
      <Filter>资源文件</Filter>
    </None>
    <None Include="res\My3DSmartCity.rc2">
      <Filter>资源文件</Filter>
    </None>
    <None Include="res\3DSmartCityDoc.ico">
      <Filter>资源文件</Filter>
    </None>
    <None Include="res\3DSmartCity.ico">
      <Filter>资源文件</Filter>
    </None>
    <None Include="res\Toolbar.bmp">
      <Filter>资源文件</Filter>
    </None>
    <None Include="res\Toolbar256.bmp">
      <Filter>资源文件</Filter>
    </None>
    <None Include="libeay32.dll" />
    <None Include="libintl-8.dll" />
    <None Include="libpq.dll" />
    <None Include="ssleay32.dll" />
    <None Include="ChartCtrl\ChartBalloonLabel.inl">
      <Filter>ChartCtrl</Filter>
    </None>
    <None Include="ChartCtrl\ChartLabel.inl">
      <Filter>ChartCtrl</Filter>
    </None>
    <None Include="ChartCtrl\ChartPointsArray.inl">
      <Filter>ChartCtrl</Filter>
    </None>
    <None Include="ChartCtrl\ChartSerieBase.inl">
      <Filter>ChartCtrl</Filter>
    </None>
  </ItemGroup>
  <ItemGroup>
    <ClInclude Include="3DSmartCity.h">
      <Filter>头文件</Filter>
    </ClInclude>
    <ClInclude Include="stdafx.h">
      <Filter>头文件</Filter>
    </ClInclude>
    <ClInclude Include="targetver.h">
      <Filter>头文件</Filter>
    </ClInclude>
    <ClInclude Include="MainFrm.h">
      <Filter>头文件</Filter>
    </ClInclude>
    <ClInclude Include="3DSmartCityDoc.h">
      <Filter>头文件</Filter>
    </ClInclude>
    <ClInclude Include="3DSmartCityView.h">
      <Filter>头文件</Filter>
    </ClInclude>
    <ClInclude Include="Resource.h">
      <Filter>头文件</Filter>
    </ClInclude>
    <ClInclude Include="SmartCityTreeView.h">
      <Filter>头文件</Filter>
    </ClInclude>
    <ClInclude Include="OSGObject.h">
      <Filter>头文件</Filter>
    </ClInclude>
    <ClInclude Include="SmartCityTreeCtrl.h">
      <Filter>头文件</Filter>
    </ClInclude>
    <ClInclude Include="PipeStatisticHandler.h">
      <Filter>头文件</Filter>
    </ClInclude>
    <ClInclude Include="StatisticDialog.h">
      <Filter>头文件</Filter>
    </ClInclude>
    <ClInclude Include="DBConnection.h">
      <Filter>头文件</Filter>
    </ClInclude>
    <ClInclude Include="makeSql.h">
      <Filter>头文件</Filter>
    </ClInclude>
    <ClInclude Include="AddClick.h">
      <Filter>头文件</Filter>
    </ClInclude>
    <ClInclude Include="AddFlagDlg.h">
      <Filter>头文件</Filter>
    </ClInclude>
    <ClInclude Include="AddPipe.h">
      <Filter>头文件</Filter>
    </ClInclude>
    <ClInclude Include="PipePoint.h">
      <Filter>头文件</Filter>
    </ClInclude>
    <ClInclude Include="HeadFiles.h">
      <Filter>头文件</Filter>
    </ClInclude>
    <ClInclude Include="HighLightVisitor.h">
      <Filter>头文件</Filter>
    </ClInclude>
    <ClInclude Include="FlowDirectionDialog.h">
      <Filter>头文件</Filter>
    </ClInclude>
    <ClInclude Include="FlowDirectionHandler.h">
      <Filter>头文件</Filter>
    </ClInclude>
    <ClInclude Include="CSection.h">
      <Filter>头文件</Filter>
    </ClInclude>
    <ClInclude Include="CSectionDlg.h">
      <Filter>头文件</Filter>
    </ClInclude>
    <ClInclude Include="ChartCtrl\ChartAxis.h">
      <Filter>ChartCtrl</Filter>
    </ClInclude>
    <ClInclude Include="ChartCtrl\ChartAxisLabel.h">
      <Filter>ChartCtrl</Filter>
    </ClInclude>
    <ClInclude Include="ChartCtrl\ChartBalloonLabel.h">
      <Filter>ChartCtrl</Filter>
    </ClInclude>
    <ClInclude Include="ChartCtrl\ChartBarSerie.h">
      <Filter>ChartCtrl</Filter>
    </ClInclude>
    <ClInclude Include="ChartCtrl\ChartCandlestickSerie.h">
      <Filter>ChartCtrl</Filter>
    </ClInclude>
    <ClInclude Include="ChartCtrl\ChartCrossHairCursor.h">
      <Filter>ChartCtrl</Filter>
    </ClInclude>
    <ClInclude Include="ChartCtrl\ChartCtrl.h">
      <Filter>ChartCtrl</Filter>
    </ClInclude>
    <ClInclude Include="ChartCtrl\ChartCursor.h">
      <Filter>ChartCtrl</Filter>
    </ClInclude>
    <ClInclude Include="ChartCtrl\ChartDateTimeAxis.h">
      <Filter>ChartCtrl</Filter>
    </ClInclude>
    <ClInclude Include="ChartCtrl\ChartDragLineCursor.h">
      <Filter>ChartCtrl</Filter>
    </ClInclude>
    <ClInclude Include="ChartCtrl\ChartFont.h">
      <Filter>ChartCtrl</Filter>
    </ClInclude>
    <ClInclude Include="ChartCtrl\ChartGanttSerie.h">
      <Filter>ChartCtrl</Filter>
    </ClInclude>
    <ClInclude Include="ChartCtrl\ChartGradient.h">
      <Filter>ChartCtrl</Filter>
    </ClInclude>
    <ClInclude Include="ChartCtrl\ChartGrid.h">
      <Filter>ChartCtrl</Filter>
    </ClInclude>
    <ClInclude Include="ChartCtrl\ChartLabel.h">
      <Filter>ChartCtrl</Filter>
    </ClInclude>
    <ClInclude Include="ChartCtrl\ChartLegend.h">
      <Filter>ChartCtrl</Filter>
    </ClInclude>
    <ClInclude Include="ChartCtrl\ChartLineSerie.h">
      <Filter>ChartCtrl</Filter>
    </ClInclude>
    <ClInclude Include="ChartCtrl\ChartLogarithmicAxis.h">
      <Filter>ChartCtrl</Filter>
    </ClInclude>
    <ClInclude Include="ChartCtrl\ChartMouseListener.h">
      <Filter>ChartCtrl</Filter>
    </ClInclude>
    <ClInclude Include="ChartCtrl\ChartPointsArray.h">
      <Filter>ChartCtrl</Filter>
    </ClInclude>
    <ClInclude Include="ChartCtrl\ChartPointsSerie.h">
      <Filter>ChartCtrl</Filter>
    </ClInclude>
    <ClInclude Include="ChartCtrl\ChartScrollBar.h">
      <Filter>ChartCtrl</Filter>
    </ClInclude>
    <ClInclude Include="ChartCtrl\ChartSerie.h">
      <Filter>ChartCtrl</Filter>
    </ClInclude>
    <ClInclude Include="ChartCtrl\ChartSerieBase.h">
      <Filter>ChartCtrl</Filter>
    </ClInclude>
    <ClInclude Include="ChartCtrl\ChartSeriesMouseListener.h">
      <Filter>ChartCtrl</Filter>
    </ClInclude>
    <ClInclude Include="ChartCtrl\ChartStandardAxis.h">
      <Filter>ChartCtrl</Filter>
    </ClInclude>
    <ClInclude Include="ChartCtrl\ChartString.h">
      <Filter>ChartCtrl</Filter>
    </ClInclude>
    <ClInclude Include="ChartCtrl\ChartSurfaceSerie.h">
      <Filter>ChartCtrl</Filter>
    </ClInclude>
    <ClInclude Include="ChartCtrl\ChartTitle.h">
      <Filter>ChartCtrl</Filter>
    </ClInclude>
    <ClInclude Include="ChartCtrl\ChartXYSerie.h">
      <Filter>ChartCtrl</Filter>
    </ClInclude>
    <ClInclude Include="ChartCtrl\PointsOrdering.h">
      <Filter>ChartCtrl</Filter>
    </ClInclude>
    <ClInclude Include="VSection.h">
      <Filter>头文件</Filter>
    </ClInclude>
    <ClInclude Include="VSectionDlg.h">
      <Filter>头文件</Filter>
    </ClInclude>
    <ClInclude Include="HighLight.h">
      <Filter>头文件</Filter>
    </ClInclude>
    <ClInclude Include="ColorGradient.h">
      <Filter>头文件</Filter>
    </ClInclude>
    <ClInclude Include="DisDlg.h">
      <Filter>头文件</Filter>
    </ClInclude>
    <ClInclude Include="EventHandlerDistance.h">
      <Filter>头文件</Filter>
    </ClInclude>
    <ClInclude Include="EventRect.h">
      <Filter>头文件</Filter>
    </ClInclude>
    <ClInclude Include="TravelManipulator.h">
      <Filter>头文件</Filter>
    </ClInclude>
  </ItemGroup>
  <ItemGroup>
    <ClCompile Include="3DSmartCity.cpp">
      <Filter>源文件</Filter>
    </ClCompile>
    <ClCompile Include="stdafx.cpp">
      <Filter>源文件</Filter>
    </ClCompile>
    <ClCompile Include="MainFrm.cpp">
      <Filter>源文件</Filter>
    </ClCompile>
    <ClCompile Include="3DSmartCityDoc.cpp">
      <Filter>源文件</Filter>
    </ClCompile>
    <ClCompile Include="3DSmartCityView.cpp">
      <Filter>源文件</Filter>
    </ClCompile>
    <ClCompile Include="SmartCityTreeView.cpp">
      <Filter>源文件</Filter>
    </ClCompile>
    <ClCompile Include="OSGObject.cpp">
      <Filter>源文件</Filter>
    </ClCompile>
    <ClCompile Include="SmartCityTreeCtrl.cpp">
      <Filter>源文件</Filter>
    </ClCompile>
    <ClCompile Include="PipeStatisticHandler.cpp">
      <Filter>源文件</Filter>
    </ClCompile>
    <ClCompile Include="StatisticDialog.cpp">
      <Filter>源文件</Filter>
    </ClCompile>
    <ClCompile Include="DBConnection.cpp">
      <Filter>源文件</Filter>
    </ClCompile>
    <ClCompile Include="makeSql.cpp">
      <Filter>源文件</Filter>
    </ClCompile>
    <ClCompile Include="AddClick.cpp">
      <Filter>源文件</Filter>
    </ClCompile>
    <ClCompile Include="AddFlagDlg.cpp">
      <Filter>源文件</Filter>
    </ClCompile>
    <ClCompile Include="AddPipe.cpp">
      <Filter>源文件</Filter>
    </ClCompile>
    <ClCompile Include="PipePoint.cpp">
      <Filter>源文件</Filter>
    </ClCompile>
    <ClCompile Include="HighLightVisitor.cpp">
      <Filter>源文件</Filter>
    </ClCompile>
    <ClCompile Include="FlowDirectionDialog.cpp">
      <Filter>源文件</Filter>
    </ClCompile>
    <ClCompile Include="FlowDirectionHandler.cpp">
      <Filter>源文件</Filter>
    </ClCompile>
    <ClCompile Include="CSection.cpp">
      <Filter>源文件</Filter>
    </ClCompile>
    <ClCompile Include="CSectionDlg.cpp">
      <Filter>源文件</Filter>
    </ClCompile>
    <ClCompile Include="ChartCtrl\ChartAxis.cpp">
      <Filter>ChartCtrl</Filter>
    </ClCompile>
    <ClCompile Include="ChartCtrl\ChartAxisLabel.cpp">
      <Filter>ChartCtrl</Filter>
    </ClCompile>
    <ClCompile Include="ChartCtrl\ChartBarSerie.cpp">
      <Filter>ChartCtrl</Filter>
    </ClCompile>
    <ClCompile Include="ChartCtrl\ChartCandlestickSerie.cpp">
      <Filter>ChartCtrl</Filter>
    </ClCompile>
    <ClCompile Include="ChartCtrl\ChartCrossHairCursor.cpp">
      <Filter>ChartCtrl</Filter>
    </ClCompile>
    <ClCompile Include="ChartCtrl\ChartCtrl.cpp">
      <Filter>ChartCtrl</Filter>
    </ClCompile>
    <ClCompile Include="ChartCtrl\ChartCursor.cpp">
      <Filter>ChartCtrl</Filter>
    </ClCompile>
    <ClCompile Include="ChartCtrl\ChartDateTimeAxis.cpp">
      <Filter>ChartCtrl</Filter>
    </ClCompile>
    <ClCompile Include="ChartCtrl\ChartDragLineCursor.cpp">
      <Filter>ChartCtrl</Filter>
    </ClCompile>
    <ClCompile Include="ChartCtrl\ChartFont.cpp">
      <Filter>ChartCtrl</Filter>
    </ClCompile>
    <ClCompile Include="ChartCtrl\ChartGanttSerie.cpp">
      <Filter>ChartCtrl</Filter>
    </ClCompile>
    <ClCompile Include="ChartCtrl\ChartGradient.cpp">
      <Filter>ChartCtrl</Filter>
    </ClCompile>
    <ClCompile Include="ChartCtrl\ChartGrid.cpp">
      <Filter>ChartCtrl</Filter>
    </ClCompile>
    <ClCompile Include="ChartCtrl\ChartLegend.cpp">
      <Filter>ChartCtrl</Filter>
    </ClCompile>
    <ClCompile Include="ChartCtrl\ChartLineSerie.cpp">
      <Filter>ChartCtrl</Filter>
    </ClCompile>
    <ClCompile Include="ChartCtrl\ChartLogarithmicAxis.cpp">
      <Filter>ChartCtrl</Filter>
    </ClCompile>
    <ClCompile Include="ChartCtrl\ChartPointsSerie.cpp">
      <Filter>ChartCtrl</Filter>
    </ClCompile>
    <ClCompile Include="ChartCtrl\ChartScrollBar.cpp">
      <Filter>ChartCtrl</Filter>
    </ClCompile>
    <ClCompile Include="ChartCtrl\ChartSerie.cpp">
      <Filter>ChartCtrl</Filter>
    </ClCompile>
    <ClCompile Include="ChartCtrl\ChartStandardAxis.cpp">
      <Filter>ChartCtrl</Filter>
    </ClCompile>
    <ClCompile Include="ChartCtrl\ChartSurfaceSerie.cpp">
      <Filter>ChartCtrl</Filter>
    </ClCompile>
    <ClCompile Include="ChartCtrl\ChartTitle.cpp">
      <Filter>ChartCtrl</Filter>
    </ClCompile>
    <ClCompile Include="ChartCtrl\ChartXYSerie.cpp">
      <Filter>ChartCtrl</Filter>
    </ClCompile>
    <ClCompile Include="VSection.cpp">
      <Filter>源文件</Filter>
    </ClCompile>
    <ClCompile Include="VSectionDlg.cpp">
      <Filter>源文件</Filter>
    </ClCompile>
    <ClCompile Include="HighLight.cpp">
      <Filter>源文件</Filter>
    </ClCompile>
    <ClCompile Include="ColorGradient.cpp">
      <Filter>源文件</Filter>
    </ClCompile>
    <ClCompile Include="DisDlg.cpp">
      <Filter>源文件</Filter>
    </ClCompile>
    <ClCompile Include="EventHandlerDistance.cpp">
      <Filter>源文件</Filter>
    </ClCompile>
    <ClCompile Include="EventRect.cpp">
      <Filter>源文件</Filter>
    </ClCompile>
    <ClCompile Include="TravelManipulator.cpp">
      <Filter>源文件</Filter>
    </ClCompile>
  </ItemGroup>
  <ItemGroup>
    <ResourceCompile Include="3DSmartCity.rc">
      <Filter>资源文件</Filter>
    </ResourceCompile>
  </ItemGroup>
</Project>